
Microsoft Visual Studio Solution File, Format Version 12.00
# Visual Studio Version 16
VisualStudioVersion = 16.0.30413.136
MinimumVisualStudioVersion = 10.0.40219.1
Project("{FAE04EC0-301F-11D3-BF4B-00C04F79EFBC}") = "BDDNetCoreConsole", "BDDNetCoreConsole\BDDNetCoreConsole.csproj", "{4294DA0F-9691-44E2-8F86-B3E226E6028C}"
EndProject
Project("{FAE04EC0-301F-11D3-BF4B-00C04F79EFBC}") = "BDDNetCoreUnitTest", "BDDNetCoreUnitTest\BDDNetCoreUnitTest.csproj", "{596A8827-AE82-46C2-872B-F75FFABCCF6E}"
EndProject
Global
	GlobalSection(SolutionConfigurationPlatforms) = preSolution
		Debug|Any CPU = Debug|Any CPU
		Release|Any CPU = Release|Any CPU
	EndGlobalSection
	GlobalSection(ProjectConfigurationPlatforms) = postSolution
		{4294DA0F-9691-44E2-8F86-B3E226E6028C}.Debug|Any CPU.ActiveCfg = Debug|Any CPU
		{4294DA0F-9691-44E2-8F86-B3E226E6028C}.Debug|Any CPU.Build.0 = Debug|Any CPU
		{4294DA0F-9691-44E2-8F86-B3E226E6028C}.Release|Any CPU.ActiveCfg = Release|Any CPU
		{4294DA0F-9691-44E2-8F86-B3E226E6028C}.Release|Any CPU.Build.0 = Release|Any CPU
		{596A8827-AE82-46C2-872B-F75FFABCCF6E}.Debug|Any CPU.ActiveCfg = Debug|Any CPU
		{596A8827-AE82-46C2-872B-F75FFABCCF6E}.Debug|Any CPU.Build.0 = Debug|Any CPU
		{596A8827-AE82-46C2-872B-F75FFABCCF6E}.Release|Any CPU.ActiveCfg = Release|Any CPU
		{596A8827-AE82-46C2-872B-F75FFABCCF6E}.Release|Any CPU.Build.0 = Release|Any CPU
	EndGlobalSection
	GlobalSection(SolutionProperties) = preSolution
		HideSolutionNode = FALSE
	EndGlobalSection
	GlobalSection(ExtensibilityGlobals) = postSolution
		SolutionGuid = {50C22DF2-5A5B-4470-BE64-D2921AAEA8D3}
	EndGlobalSection
EndGlobal
